
Microsoft Visual Studio Solution File, Format Version 12.00
# Visual Studio Version 17
VisualStudioVersion = 17.7.34031.279
MinimumVisualStudioVersion = 10.0.40219.1
Project("{9A19103F-16F7-4668-BE54-9A1E7A4F7556}") = "DevFreela.API", "DevFreela.API\DevFreela.API.csproj", "{0F4E785C-5F71-4604-89C5-B6D019F0F95D}"
EndProject
Project("{9A19103F-16F7-4668-BE54-9A1E7A4F7556}") = "DevFreela.Core", "DevFreela.Core\DevFreela.Core.csproj", "{6D4A9D8F-59A5-4EBA-AE2F-8C43BF986D56}"
EndProject
Project("{9A19103F-16F7-4668-BE54-9A1E7A4F7556}") = "DevFreela.Infrastructure", "DevFreela.Infrastructure\DevFreela.Infrastructure.csproj", "{6D95078B-E052-4560-B2A3-D9A6D1B240EB}"
	ProjectSection(ProjectDependencies) = postProject
		{6D4A9D8F-59A5-4EBA-AE2F-8C43BF986D56} = {6D4A9D8F-59A5-4EBA-AE2F-8C43BF986D56}
	EndProjectSection
EndProject
Project("{9A19103F-16F7-4668-BE54-9A1E7A4F7556}") = "DevFreela.Application", "DevFreela.Application\DevFreela.Application.csproj", "{87EB7A29-E49B-496C-9361-AE3E6A2049D9}"
EndProject
Project("{9A19103F-16F7-4668-BE54-9A1E7A4F7556}") = "DevFreela.UnitTests", "DevFreela.UnitTests\DevFreela.UnitTests.csproj", "{746ADF44-BC3E-4EC0-83B9-D5B8F433ACBB}"
	ProjectSection(ProjectDependencies) = postProject
		{87EB7A29-E49B-496C-9361-AE3E6A2049D9} = {87EB7A29-E49B-496C-9361-AE3E6A2049D9}
	EndProjectSection
EndProject
Global
	GlobalSection(SolutionConfigurationPlatforms) = preSolution
		Debug|Any CPU = Debug|Any CPU
		Release|Any CPU = Release|Any CPU
	EndGlobalSection
	GlobalSection(ProjectConfigurationPlatforms) = postSolution
		{0F4E785C-5F71-4604-89C5-B6D019F0F95D}.Debug|Any CPU.ActiveCfg = Debug|Any CPU
		{0F4E785C-5F71-4604-89C5-B6D019F0F95D}.Debug|Any CPU.Build.0 = Debug|Any CPU
		{0F4E785C-5F71-4604-89C5-B6D019F0F95D}.Release|Any CPU.ActiveCfg = Release|Any CPU
		{0F4E785C-5F71-4604-89C5-B6D019F0F95D}.Release|Any CPU.Build.0 = Release|Any CPU
		{6D4A9D8F-59A5-4EBA-AE2F-8C43BF986D56}.Debug|Any CPU.ActiveCfg = Debug|Any CPU
		{6D4A9D8F-59A5-4EBA-AE2F-8C43BF986D56}.Debug|Any CPU.Build.0 = Debug|Any CPU
		{6D4A9D8F-59A5-4EBA-AE2F-8C43BF986D56}.Release|Any CPU.ActiveCfg = Release|Any CPU
		{6D4A9D8F-59A5-4EBA-AE2F-8C43BF986D56}.Release|Any CPU.Build.0 = Release|Any CPU
		{6D95078B-E052-4560-B2A3-D9A6D1B240EB}.Debug|Any CPU.ActiveCfg = Debug|Any CPU
		{6D95078B-E052-4560-B2A3-D9A6D1B240EB}.Debug|Any CPU.Build.0 = Debug|Any CPU
		{6D95078B-E052-4560-B2A3-D9A6D1B240EB}.Release|Any CPU.ActiveCfg = Release|Any CPU
		{6D95078B-E052-4560-B2A3-D9A6D1B240EB}.Release|Any CPU.Build.0 = Release|Any CPU
		{87EB7A29-E49B-496C-9361-AE3E6A2049D9}.Debug|Any CPU.ActiveCfg = Debug|Any CPU
		{87EB7A29-E49B-496C-9361-AE3E6A2049D9}.Debug|Any CPU.Build.0 = Debug|Any CPU
		{87EB7A29-E49B-496C-9361-AE3E6A2049D9}.Release|Any CPU.ActiveCfg = Release|Any CPU
		{87EB7A29-E49B-496C-9361-AE3E6A2049D9}.Release|Any CPU.Build.0 = Release|Any CPU
		{746ADF44-BC3E-4EC0-83B9-D5B8F433ACBB}.Debug|Any CPU.ActiveCfg = Debug|Any CPU
		{746ADF44-BC3E-4EC0-83B9-D5B8F433ACBB}.Debug|Any CPU.Build.0 = Debug|Any CPU
		{746ADF44-BC3E-4EC0-83B9-D5B8F433ACBB}.Release|Any CPU.ActiveCfg = Release|Any CPU
		{746ADF44-BC3E-4EC0-83B9-D5B8F433ACBB}.Release|Any CPU.Build.0 = Release|Any CPU
	EndGlobalSection
	GlobalSection(SolutionProperties) = preSolution
		HideSolutionNode = FALSE
	EndGlobalSection
	GlobalSection(ExtensibilityGlobals) = postSolution
		SolutionGuid = {1E40C58D-7F38-47FF-AAFA-14D0458B7266}
	EndGlobalSection
EndGlobal
